
Microsoft Visual Studio Solution File, Format Version 12.00
# Visual Studio Version 17
VisualStudioVersion = 17.11.35312.102
MinimumVisualStudioVersion = 10.0.40219.1
Project("{FAE04EC0-301F-11D3-BF4B-00C04F79EFBC}") = "JeuDEchecs", "JeuDEchecs.csproj", "{22F5429E-1273-47C7-BA2E-125C17D05DC1}"
EndProject
Global
	GlobalSection(SolutionConfigurationPlatforms) = preSolution
		Debug|Any CPU = Debug|Any CPU
		Release|Any CPU = Release|Any CPU
	EndGlobalSection
	GlobalSection(ProjectConfigurationPlatforms) = postSolution
		{22F5429E-1273-47C7-BA2E-125C17D05DC1}.Debug|Any CPU.ActiveCfg = Debug|Any CPU
		{22F5429E-1273-47C7-BA2E-125C17D05DC1}.Debug|Any CPU.Build.0 = Debug|Any CPU
		{22F5429E-1273-47C7-BA2E-125C17D05DC1}.Release|Any CPU.ActiveCfg = Release|Any CPU
		{22F5429E-1273-47C7-BA2E-125C17D05DC1}.Release|Any CPU.Build.0 = Release|Any CPU
	EndGlobalSection
	GlobalSection(SolutionProperties) = preSolution
		HideSolutionNode = FALSE
	EndGlobalSection
	GlobalSection(ExtensibilityGlobals) = postSolution
		SolutionGuid = {7E746991-66F3-48E4-BCEF-744E78D87735}
	EndGlobalSection
EndGlobal
